
Microsoft Visual Studio Solution File, Format Version 12.00
# Visual Studio Version 17
VisualStudioVersion = 17.14.36414.22 d17.14
MinimumVisualStudioVersion = 10.0.40219.1
Project("{FAE04EC0-301F-11D3-BF4B-00C04F79EFBC}") = "studentManagmentPlatform.DAL", "studentManagmentPlatform.DAL.csproj", "{4DB86026-4C18-4CD1-B557-C2E2160D42DC}"
EndProject
Global
	GlobalSection(SolutionConfigurationPlatforms) = preSolution
		Debug|Any CPU = Debug|Any CPU
		Release|Any CPU = Release|Any CPU
	EndGlobalSection
	GlobalSection(ProjectConfigurationPlatforms) = postSolution
		{4DB86026-4C18-4CD1-B557-C2E2160D42DC}.Debug|Any CPU.ActiveCfg = Debug|Any CPU
		{4DB86026-4C18-4CD1-B557-C2E2160D42DC}.Debug|Any CPU.Build.0 = Debug|Any CPU
		{4DB86026-4C18-4CD1-B557-C2E2160D42DC}.Release|Any CPU.ActiveCfg = Release|Any CPU
		{4DB86026-4C18-4CD1-B557-C2E2160D42DC}.Release|Any CPU.Build.0 = Release|Any CPU
	EndGlobalSection
	GlobalSection(SolutionProperties) = preSolution
		HideSolutionNode = FALSE
	EndGlobalSection
	GlobalSection(ExtensibilityGlobals) = postSolution
		SolutionGuid = {E96070CB-F469-4B63-89FD-7A5278D4581C}
	EndGlobalSection
EndGlobal
