
Microsoft Visual Studio Solution File, Format Version 12.00
# Visual Studio Version 17
VisualStudioVersion = 17.14.36414.22 d17.14
MinimumVisualStudioVersion = 10.0.40219.1
Project("{FAE04EC0-301F-11D3-BF4B-00C04F79EFBC}") = "studentManagmentPlatform.DB", "studentManagmentPlatform.DB.csproj", "{53B0050C-5256-4E3D-960A-8C53A9410869}"
EndProject
Global
	GlobalSection(SolutionConfigurationPlatforms) = preSolution
		Debug|Any CPU = Debug|Any CPU
		Release|Any CPU = Release|Any CPU
	EndGlobalSection
	GlobalSection(ProjectConfigurationPlatforms) = postSolution
		{53B0050C-5256-4E3D-960A-8C53A9410869}.Debug|Any CPU.ActiveCfg = Debug|Any CPU
		{53B0050C-5256-4E3D-960A-8C53A9410869}.Debug|Any CPU.Build.0 = Debug|Any CPU
		{53B0050C-5256-4E3D-960A-8C53A9410869}.Release|Any CPU.ActiveCfg = Release|Any CPU
		{53B0050C-5256-4E3D-960A-8C53A9410869}.Release|Any CPU.Build.0 = Release|Any CPU
	EndGlobalSection
	GlobalSection(SolutionProperties) = preSolution
		HideSolutionNode = FALSE
	EndGlobalSection
	GlobalSection(ExtensibilityGlobals) = postSolution
		SolutionGuid = {552E6478-45DF-48D4-B8A4-852C4698E16F}
	EndGlobalSection
EndGlobal
